
Microsoft Visual Studio Solution File, Format Version 12.00
# Visual Studio Version 17
VisualStudioVersion = 17.9.34728.123
MinimumVisualStudioVersion = 10.0.40219.1
Project("{9A19103F-16F7-4668-BE54-9A1E7A4F7556}") = "BookAPI", "BookAPI\BookAPI.csproj", "{06BC2E73-FE4C-4E7B-B9EF-B6B92E1815E3}"
EndProject
Project("{9A19103F-16F7-4668-BE54-9A1E7A4F7556}") = "WebClient", "WebClient\WebClient.csproj", "{D07DB1EE-7EC9-4D46-96BE-EE5BF02BF38C}"
EndProject
Project("{FAE04EC0-301F-11D3-BF4B-00C04F79EFBC}") = "AuthAPI", "AuthAPI\AuthAPI.csproj", "{3E021011-1BC0-430A-AE13-6DF0DF31D614}"
EndProject
Global
	GlobalSection(SolutionConfigurationPlatforms) = preSolution
		Debug|Any CPU = Debug|Any CPU
		Release|Any CPU = Release|Any CPU
	EndGlobalSection
	GlobalSection(ProjectConfigurationPlatforms) = postSolution
		{06BC2E73-FE4C-4E7B-B9EF-B6B92E1815E3}.Debug|Any CPU.ActiveCfg = Debug|Any CPU
		{06BC2E73-FE4C-4E7B-B9EF-B6B92E1815E3}.Debug|Any CPU.Build.0 = Debug|Any CPU
		{06BC2E73-FE4C-4E7B-B9EF-B6B92E1815E3}.Release|Any CPU.ActiveCfg = Release|Any CPU
		{06BC2E73-FE4C-4E7B-B9EF-B6B92E1815E3}.Release|Any CPU.Build.0 = Release|Any CPU
		{D07DB1EE-7EC9-4D46-96BE-EE5BF02BF38C}.Debug|Any CPU.ActiveCfg = Debug|Any CPU
		{D07DB1EE-7EC9-4D46-96BE-EE5BF02BF38C}.Debug|Any CPU.Build.0 = Debug|Any CPU
		{D07DB1EE-7EC9-4D46-96BE-EE5BF02BF38C}.Release|Any CPU.ActiveCfg = Release|Any CPU
		{D07DB1EE-7EC9-4D46-96BE-EE5BF02BF38C}.Release|Any CPU.Build.0 = Release|Any CPU
		{3E021011-1BC0-430A-AE13-6DF0DF31D614}.Debug|Any CPU.ActiveCfg = Debug|Any CPU
		{3E021011-1BC0-430A-AE13-6DF0DF31D614}.Debug|Any CPU.Build.0 = Debug|Any CPU
		{3E021011-1BC0-430A-AE13-6DF0DF31D614}.Release|Any CPU.ActiveCfg = Release|Any CPU
		{3E021011-1BC0-430A-AE13-6DF0DF31D614}.Release|Any CPU.Build.0 = Release|Any CPU
	EndGlobalSection
	GlobalSection(SolutionProperties) = preSolution
		HideSolutionNode = FALSE
	EndGlobalSection
	GlobalSection(ExtensibilityGlobals) = postSolution
		SolutionGuid = {987F7B32-1167-4E3F-AB28-04ECD4B73E58}
	EndGlobalSection
EndGlobal
